{
  "name": "lambda-api-config",
  "version": "1.0.0",
  "lockfileVersion": 3,
  "requires": true,
  "packages": {
    "": {
      "name": "lambda-api-config",
      "version": "1.0.0",
      "license": "ISC",
      "devDependencies": {
        "serverless-provisioned-concurrency-autoscaling": "^2.0.1"
      }
    },
    "node_modules/serverless-provisioned-concurrency-autoscaling": {
      "version": "2.0.1",
      "resolved": "https://registry.npmjs.org/serverless-provisioned-concurrency-autoscaling/-/serverless-provisioned-concurrency-autoscaling-2.0.1.tgz",
      "integrity": "sha512-wmij1fZwpwfeiWlrsXiU+djNZDhgf22Tdw3wr678n7WPSQqkyPC2YsQCpQpG2J9u/bJXHmks3kTF05UfxBBi3g==",
      "dev": true,
      "license": "Apache-2.0"
    }
  }
}
